
Microsoft Visual Studio Solution File, Format Version 12.00
Project("{FAE04EC0-301F-11D3-BF4B-00C04F79EFBC}") = "Lab1", "Lab1\Lab1.csproj", "{3D7DF2EC-0557-478F-BCD8-A077FFF1293B}"
EndProject
Project("{FAE04EC0-301F-11D3-BF4B-00C04F79EFBC}") = "Lab1.Tests", "Lab1.Tests\Lab1.Tests.csproj", "{7E52CF9A-54C6-4238-B270-FF9884062241}"
EndProject
Project("{FAE04EC0-301F-11D3-BF4B-00C04F79EFBC}") = "Lab2", "Lab2\Lab2.csproj", "{23D4B64C-156E-49AD-ABF7-22D712822434}"
EndProject
Project("{FAE04EC0-301F-11D3-BF4B-00C04F79EFBC}") = "Lab2.Tests", "Lab2.Tests\Lab2.Tests.csproj", "{51A39688-3D11-439E-AFBA-5B395C9BE8BA}"
EndProject
Project("{FAE04EC0-301F-11D3-BF4B-00C04F79EFBC}") = "Lab3.Tests", "Lab3.Tests\Lab3.Tests.csproj", "{A3DB41D9-47C7-4B7A-A9B9-13D44156773A}"
EndProject
Project("{FAE04EC0-301F-11D3-BF4B-00C04F79EFBC}") = "Lab4.Tests", "Lab4.Tests\Lab4.Tests.csproj", "{EDBFE8F5-D4E8-452A-8CE0-717280EA6D51}"
EndProject
Project("{FAE04EC0-301F-11D3-BF4B-00C04F79EFBC}") = "Lab5.Tests", "Lab5.Tests\Lab5.Tests.csproj", "{9C2089AE-EF5E-493A-8902-57799F72D95C}"
EndProject
Project("{FAE04EC0-301F-11D3-BF4B-00C04F79EFBC}") = "Lab3", "Lab3\Lab3.csproj", "{399DF128-8DED-4C99-9014-DCA176F8AB20}"
EndProject
Project("{FAE04EC0-301F-11D3-BF4B-00C04F79EFBC}") = "Lab4", "Lab4\Lab4.csproj", "{457FA6BF-9D1A-4BD9-BEE1-C26164CBAAE4}"
EndProject
Project("{FAE04EC0-301F-11D3-BF4B-00C04F79EFBC}") = "Lab5", "Lab5\Lab5.csproj", "{54499506-4A1F-4BA4-910F-FCA0392F8920}"
EndProject
Global
	GlobalSection(SolutionConfigurationPlatforms) = preSolution
		Debug|Any CPU = Debug|Any CPU
		Release|Any CPU = Release|Any CPU
	EndGlobalSection
	GlobalSection(ProjectConfigurationPlatforms) = postSolution
		{3D7DF2EC-0557-478F-BCD8-A077FFF1293B}.Debug|Any CPU.ActiveCfg = Debug|Any CPU
		{3D7DF2EC-0557-478F-BCD8-A077FFF1293B}.Debug|Any CPU.Build.0 = Debug|Any CPU
		{3D7DF2EC-0557-478F-BCD8-A077FFF1293B}.Release|Any CPU.ActiveCfg = Release|Any CPU
		{3D7DF2EC-0557-478F-BCD8-A077FFF1293B}.Release|Any CPU.Build.0 = Release|Any CPU
		{7E52CF9A-54C6-4238-B270-FF9884062241}.Debug|Any CPU.ActiveCfg = Debug|Any CPU
		{7E52CF9A-54C6-4238-B270-FF9884062241}.Debug|Any CPU.Build.0 = Debug|Any CPU
		{7E52CF9A-54C6-4238-B270-FF9884062241}.Release|Any CPU.ActiveCfg = Release|Any CPU
		{7E52CF9A-54C6-4238-B270-FF9884062241}.Release|Any CPU.Build.0 = Release|Any CPU
		{23D4B64C-156E-49AD-ABF7-22D712822434}.Debug|Any CPU.ActiveCfg = Debug|Any CPU
		{23D4B64C-156E-49AD-ABF7-22D712822434}.Debug|Any CPU.Build.0 = Debug|Any CPU
		{23D4B64C-156E-49AD-ABF7-22D712822434}.Release|Any CPU.ActiveCfg = Release|Any CPU
		{23D4B64C-156E-49AD-ABF7-22D712822434}.Release|Any CPU.Build.0 = Release|Any CPU
		{51A39688-3D11-439E-AFBA-5B395C9BE8BA}.Debug|Any CPU.ActiveCfg = Debug|Any CPU
		{51A39688-3D11-439E-AFBA-5B395C9BE8BA}.Debug|Any CPU.Build.0 = Debug|Any CPU
		{51A39688-3D11-439E-AFBA-5B395C9BE8BA}.Release|Any CPU.ActiveCfg = Release|Any CPU
		{51A39688-3D11-439E-AFBA-5B395C9BE8BA}.Release|Any CPU.Build.0 = Release|Any CPU
		{A3DB41D9-47C7-4B7A-A9B9-13D44156773A}.Debug|Any CPU.ActiveCfg = Debug|Any CPU
		{A3DB41D9-47C7-4B7A-A9B9-13D44156773A}.Debug|Any CPU.Build.0 = Debug|Any CPU
		{A3DB41D9-47C7-4B7A-A9B9-13D44156773A}.Release|Any CPU.ActiveCfg = Release|Any CPU
		{A3DB41D9-47C7-4B7A-A9B9-13D44156773A}.Release|Any CPU.Build.0 = Release|Any CPU
		{EDBFE8F5-D4E8-452A-8CE0-717280EA6D51}.Debug|Any CPU.ActiveCfg = Debug|Any CPU
		{EDBFE8F5-D4E8-452A-8CE0-717280EA6D51}.Debug|Any CPU.Build.0 = Debug|Any CPU
		{EDBFE8F5-D4E8-452A-8CE0-717280EA6D51}.Release|Any CPU.ActiveCfg = Release|Any CPU
		{EDBFE8F5-D4E8-452A-8CE0-717280EA6D51}.Release|Any CPU.Build.0 = Release|Any CPU
		{9C2089AE-EF5E-493A-8902-57799F72D95C}.Debug|Any CPU.ActiveCfg = Debug|Any CPU
		{9C2089AE-EF5E-493A-8902-57799F72D95C}.Debug|Any CPU.Build.0 = Debug|Any CPU
		{9C2089AE-EF5E-493A-8902-57799F72D95C}.Release|Any CPU.ActiveCfg = Release|Any CPU
		{9C2089AE-EF5E-493A-8902-57799F72D95C}.Release|Any CPU.Build.0 = Release|Any CPU
		{399DF128-8DED-4C99-9014-DCA176F8AB20}.Debug|Any CPU.ActiveCfg = Debug|Any CPU
		{399DF128-8DED-4C99-9014-DCA176F8AB20}.Debug|Any CPU.Build.0 = Debug|Any CPU
		{399DF128-8DED-4C99-9014-DCA176F8AB20}.Release|Any CPU.ActiveCfg = Release|Any CPU
		{399DF128-8DED-4C99-9014-DCA176F8AB20}.Release|Any CPU.Build.0 = Release|Any CPU
		{457FA6BF-9D1A-4BD9-BEE1-C26164CBAAE4}.Debug|Any CPU.ActiveCfg = Debug|Any CPU
		{457FA6BF-9D1A-4BD9-BEE1-C26164CBAAE4}.Debug|Any CPU.Build.0 = Debug|Any CPU
		{457FA6BF-9D1A-4BD9-BEE1-C26164CBAAE4}.Release|Any CPU.ActiveCfg = Release|Any CPU
		{457FA6BF-9D1A-4BD9-BEE1-C26164CBAAE4}.Release|Any CPU.Build.0 = Release|Any CPU
		{54499506-4A1F-4BA4-910F-FCA0392F8920}.Debug|Any CPU.ActiveCfg = Debug|Any CPU
		{54499506-4A1F-4BA4-910F-FCA0392F8920}.Debug|Any CPU.Build.0 = Debug|Any CPU
		{54499506-4A1F-4BA4-910F-FCA0392F8920}.Release|Any CPU.ActiveCfg = Release|Any CPU
		{54499506-4A1F-4BA4-910F-FCA0392F8920}.Release|Any CPU.Build.0 = Release|Any CPU
	EndGlobalSection
EndGlobal
